
Microsoft Visual Studio Solution File, Format Version 12.00
# Visual Studio 15
VisualStudioVersion = 15.0.27625.0
MinimumVisualStudioVersion = 10.0.40219.1
Project("{9A19103F-16F7-4668-BE54-9A1E7A4F7556}") = "Cogito.Json", "Cogito.Json\Cogito.Json.csproj", "{FD69B5DA-6E5F-4751-892F-69A990AA1288}"
EndProject
Project("{9A19103F-16F7-4668-BE54-9A1E7A4F7556}") = "Cogito.Json.Tests", "Cogito.Json.Tests\Cogito.Json.Tests.csproj", "{B9ECCADE-45F9-48A7-8797-9EAA578CF18D}"
EndProject
Project("{2150E333-8FDC-42A3-9474-1A3956D46DE8}") = "Solution Items", "Solution Items", "{840D9DDB-4FDB-4078-B7B0-B314633359A6}"
	ProjectSection(SolutionItems) = preProject
		..\.editorconfig = ..\.editorconfig
		..\appveyor.yml = ..\appveyor.yml
	EndProjectSection
EndProject
Global
	GlobalSection(SolutionConfigurationPlatforms) = preSolution
		Debug|Any CPU = Debug|Any CPU
		Release|Any CPU = Release|Any CPU
	EndGlobalSection
	GlobalSection(ProjectConfigurationPlatforms) = postSolution
		{FD69B5DA-6E5F-4751-892F-69A990AA1288}.Debug|Any CPU.ActiveCfg = Debug|Any CPU
		{FD69B5DA-6E5F-4751-892F-69A990AA1288}.Debug|Any CPU.Build.0 = Debug|Any CPU
		{FD69B5DA-6E5F-4751-892F-69A990AA1288}.Release|Any CPU.ActiveCfg = Release|Any CPU
		{FD69B5DA-6E5F-4751-892F-69A990AA1288}.Release|Any CPU.Build.0 = Release|Any CPU
		{B9ECCADE-45F9-48A7-8797-9EAA578CF18D}.Debug|Any CPU.ActiveCfg = Debug|Any CPU
		{B9ECCADE-45F9-48A7-8797-9EAA578CF18D}.Debug|Any CPU.Build.0 = Debug|Any CPU
		{B9ECCADE-45F9-48A7-8797-9EAA578CF18D}.Release|Any CPU.ActiveCfg = Release|Any CPU
		{B9ECCADE-45F9-48A7-8797-9EAA578CF18D}.Release|Any CPU.Build.0 = Release|Any CPU
	EndGlobalSection
	GlobalSection(SolutionProperties) = preSolution
		HideSolutionNode = FALSE
	EndGlobalSection
	GlobalSection(ExtensibilityGlobals) = postSolution
		SolutionGuid = {1DFD15FE-14A0-49C0-818C-001A5F8EE166}
	EndGlobalSection
EndGlobal
